
Microsoft Visual Studio Solution File, Format Version 12.00
# Visual Studio Version 16
VisualStudioVersion = 16.0.32802.440
MinimumVisualStudioVersion = 10.0.40219.1
Project("{FAE04EC0-301F-11D3-BF4B-00C04F79EFBC}") = "Paup_2023", "Paup_2023.csproj", "{A1F03377-D965-49C8-84DC-E57127297FA6}"
EndProject
Global
	GlobalSection(SolutionConfigurationPlatforms) = preSolution
		Debug|Any CPU = Debug|Any CPU
		Release|Any CPU = Release|Any CPU
	EndGlobalSection
	GlobalSection(ProjectConfigurationPlatforms) = postSolution
		{A1F03377-D965-49C8-84DC-E57127297FA6}.Debug|Any CPU.ActiveCfg = Debug|Any CPU
		{A1F03377-D965-49C8-84DC-E57127297FA6}.Debug|Any CPU.Build.0 = Debug|Any CPU
		{A1F03377-D965-49C8-84DC-E57127297FA6}.Release|Any CPU.ActiveCfg = Release|Any CPU
		{A1F03377-D965-49C8-84DC-E57127297FA6}.Release|Any CPU.Build.0 = Release|Any CPU
	EndGlobalSection
	GlobalSection(SolutionProperties) = preSolution
		HideSolutionNode = FALSE
	EndGlobalSection
	GlobalSection(ExtensibilityGlobals) = postSolution
		SolutionGuid = {A87C045B-948F-4BC3-90D4-87835904D626}
	EndGlobalSection
EndGlobal
